<Solution>
  <Folder Name="/Classes/">
    <File Path="User.cs" />
  </Folder>
  <Folder Name="/Data/" />
  <Folder Name="/Forms/">
    <Project Path="LogInForm/LogInForm.csproj" Id="6340c8fb-59b6-4a93-b002-7e42314e76f7" />
  </Folder>
  <Folder Name="/Program Design PRD/">
    <File Path="Design.md" />
    <File Path="PRD.md" />
  </Folder>
</Solution>
